
Microsoft Visual Studio Solution File, Format Version 12.00
# Visual Studio Version 17
VisualStudioVersion = 17.11.35303.130
MinimumVisualStudioVersion = 10.0.40219.1
Project("{9A19103F-16F7-4668-BE54-9A1E7A4F7556}") = "JamesStudio.Browser", "JamesStudio.Browser\JamesStudio.Browser.csproj", "{9ED77219-2302-41C4-B75F-0CF94BEF5863}"
EndProject
Project("{9A19103F-16F7-4668-BE54-9A1E7A4F7556}") = "JamesStudio.Simulator", "JamesStudio.Simulator\JamesStudio.Simulator.csproj", "{0E3F1E01-FDB2-4BBD-BC1B-1398F00C3E06}"
EndProject
Project("{9A19103F-16F7-4668-BE54-9A1E7A4F7556}") = "Studio.Main", "Studio.Main\Studio.Main.csproj", "{7657C7EF-7045-4DB6-9289-3BDAD0FF09B9}"
EndProject
Project("{9A19103F-16F7-4668-BE54-9A1E7A4F7556}") = "Studio.Support", "Studio.Support\Studio.Support.csproj", "{4A1F9FB2-4390-4CBF-BE4D-7DAE348C6D58}"
EndProject
Project("{9A19103F-16F7-4668-BE54-9A1E7A4F7556}") = "Jamesnet.Core", "Jamesnet.Core\Jamesnet.Core.csproj", "{CACA102D-395B-4EEE-962E-19B411917B4C}"
EndProject
Project("{9A19103F-16F7-4668-BE54-9A1E7A4F7556}") = "Jamesnet.OpenSilver", "Jamesnet.OpenSilver\Jamesnet.OpenSilver.csproj", "{217067D3-11F8-439A-A0BE-F3158059A19B}"
EndProject
Project("{9A19103F-16F7-4668-BE54-9A1E7A4F7556}") = "JamesStudio", "JamesStudio\JamesStudio.csproj", "{6897EDC7-DD59-4216-91A3-74A9C491E74B}"
EndProject
Project("{2150E333-8FDC-42A3-9474-1A3956D46DE8}") = "App (OpenSilver)", "App (OpenSilver)", "{648F5E26-0D86-48FE-BEB0-0545EB652777}"
EndProject
Project("{2150E333-8FDC-42A3-9474-1A3956D46DE8}") = "App Build", "App Build", "{B79666AE-1F35-42A1-A7E4-FDF6DAD71AB0}"
EndProject
Project("{2150E333-8FDC-42A3-9474-1A3956D46DE8}") = "Based", "Based", "{94BDA9C4-16BF-439D-9127-F46E867F4030}"
EndProject
Project("{2150E333-8FDC-42A3-9474-1A3956D46DE8}") = "Partial", "Partial", "{B8954E22-099E-4658-80B7-19BD71022FDD}"
EndProject
Project("{2150E333-8FDC-42A3-9474-1A3956D46DE8}") = "Core", "Core", "{6D18DB32-D86A-464B-BF33-1E9F2B4C956E}"
EndProject
Project("{FAE04EC0-301F-11D3-BF4B-00C04F79EFBC}") = "Studio.Article", "Studio.Article\Studio.Article.csproj", "{FE1B5768-EFA3-43C8-8A17-851097DB8B54}"
EndProject
Project("{FAE04EC0-301F-11D3-BF4B-00C04F79EFBC}") = "Studio.Book", "Studio.Book\Studio.Book.csproj", "{5D520F17-88C2-468A-A433-96E90030BE93}"
EndProject
Global
	GlobalSection(SolutionConfigurationPlatforms) = preSolution
		Debug|Any CPU = Debug|Any CPU
		Release|Any CPU = Release|Any CPU
	EndGlobalSection
	GlobalSection(ProjectConfigurationPlatforms) = postSolution
		{9ED77219-2302-41C4-B75F-0CF94BEF5863}.Debug|Any CPU.ActiveCfg = Debug|Any CPU
		{9ED77219-2302-41C4-B75F-0CF94BEF5863}.Debug|Any CPU.Build.0 = Debug|Any CPU
		{9ED77219-2302-41C4-B75F-0CF94BEF5863}.Release|Any CPU.ActiveCfg = Release|Any CPU
		{9ED77219-2302-41C4-B75F-0CF94BEF5863}.Release|Any CPU.Build.0 = Release|Any CPU
		{0E3F1E01-FDB2-4BBD-BC1B-1398F00C3E06}.Debug|Any CPU.ActiveCfg = Debug|Any CPU
		{0E3F1E01-FDB2-4BBD-BC1B-1398F00C3E06}.Debug|Any CPU.Build.0 = Debug|Any CPU
		{0E3F1E01-FDB2-4BBD-BC1B-1398F00C3E06}.Release|Any CPU.ActiveCfg = Release|Any CPU
		{0E3F1E01-FDB2-4BBD-BC1B-1398F00C3E06}.Release|Any CPU.Build.0 = Release|Any CPU
		{7657C7EF-7045-4DB6-9289-3BDAD0FF09B9}.Debug|Any CPU.ActiveCfg = Debug|Any CPU
		{7657C7EF-7045-4DB6-9289-3BDAD0FF09B9}.Debug|Any CPU.Build.0 = Debug|Any CPU
		{7657C7EF-7045-4DB6-9289-3BDAD0FF09B9}.Release|Any CPU.ActiveCfg = Release|Any CPU
		{7657C7EF-7045-4DB6-9289-3BDAD0FF09B9}.Release|Any CPU.Build.0 = Release|Any CPU
		{4A1F9FB2-4390-4CBF-BE4D-7DAE348C6D58}.Debug|Any CPU.ActiveCfg = Debug|Any CPU
		{4A1F9FB2-4390-4CBF-BE4D-7DAE348C6D58}.Debug|Any CPU.Build.0 = Debug|Any CPU
		{4A1F9FB2-4390-4CBF-BE4D-7DAE348C6D58}.Release|Any CPU.ActiveCfg = Release|Any CPU
		{4A1F9FB2-4390-4CBF-BE4D-7DAE348C6D58}.Release|Any CPU.Build.0 = Release|Any CPU
		{CACA102D-395B-4EEE-962E-19B411917B4C}.Debug|Any CPU.ActiveCfg = Debug|Any CPU
		{CACA102D-395B-4EEE-962E-19B411917B4C}.Debug|Any CPU.Build.0 = Debug|Any CPU
		{CACA102D-395B-4EEE-962E-19B411917B4C}.Release|Any CPU.ActiveCfg = Release|Any CPU
		{CACA102D-395B-4EEE-962E-19B411917B4C}.Release|Any CPU.Build.0 = Release|Any CPU
		{217067D3-11F8-439A-A0BE-F3158059A19B}.Debug|Any CPU.ActiveCfg = Debug|Any CPU
		{217067D3-11F8-439A-A0BE-F3158059A19B}.Debug|Any CPU.Build.0 = Debug|Any CPU
		{217067D3-11F8-439A-A0BE-F3158059A19B}.Release|Any CPU.ActiveCfg = Release|Any CPU
		{217067D3-11F8-439A-A0BE-F3158059A19B}.Release|Any CPU.Build.0 = Release|Any CPU
		{6897EDC7-DD59-4216-91A3-74A9C491E74B}.Debug|Any CPU.ActiveCfg = Debug|Any CPU
		{6897EDC7-DD59-4216-91A3-74A9C491E74B}.Debug|Any CPU.Build.0 = Debug|Any CPU
		{6897EDC7-DD59-4216-91A3-74A9C491E74B}.Release|Any CPU.ActiveCfg = Release|Any CPU
		{6897EDC7-DD59-4216-91A3-74A9C491E74B}.Release|Any CPU.Build.0 = Release|Any CPU
		{FE1B5768-EFA3-43C8-8A17-851097DB8B54}.Debug|Any CPU.ActiveCfg = Debug|Any CPU
		{FE1B5768-EFA3-43C8-8A17-851097DB8B54}.Debug|Any CPU.Build.0 = Debug|Any CPU
		{FE1B5768-EFA3-43C8-8A17-851097DB8B54}.Release|Any CPU.ActiveCfg = Release|Any CPU
		{FE1B5768-EFA3-43C8-8A17-851097DB8B54}.Release|Any CPU.Build.0 = Release|Any CPU
		{5D520F17-88C2-468A-A433-96E90030BE93}.Debug|Any CPU.ActiveCfg = Debug|Any CPU
		{5D520F17-88C2-468A-A433-96E90030BE93}.Debug|Any CPU.Build.0 = Debug|Any CPU
		{5D520F17-88C2-468A-A433-96E90030BE93}.Release|Any CPU.ActiveCfg = Release|Any CPU
		{5D520F17-88C2-468A-A433-96E90030BE93}.Release|Any CPU.Build.0 = Release|Any CPU
	EndGlobalSection
	GlobalSection(SolutionProperties) = preSolution
		HideSolutionNode = FALSE
	EndGlobalSection
	GlobalSection(NestedProjects) = preSolution
		{9ED77219-2302-41C4-B75F-0CF94BEF5863} = {B79666AE-1F35-42A1-A7E4-FDF6DAD71AB0}
		{0E3F1E01-FDB2-4BBD-BC1B-1398F00C3E06} = {B79666AE-1F35-42A1-A7E4-FDF6DAD71AB0}
		{7657C7EF-7045-4DB6-9289-3BDAD0FF09B9} = {B8954E22-099E-4658-80B7-19BD71022FDD}
		{4A1F9FB2-4390-4CBF-BE4D-7DAE348C6D58} = {6D18DB32-D86A-464B-BF33-1E9F2B4C956E}
		{CACA102D-395B-4EEE-962E-19B411917B4C} = {94BDA9C4-16BF-439D-9127-F46E867F4030}
		{217067D3-11F8-439A-A0BE-F3158059A19B} = {94BDA9C4-16BF-439D-9127-F46E867F4030}
		{6897EDC7-DD59-4216-91A3-74A9C491E74B} = {648F5E26-0D86-48FE-BEB0-0545EB652777}
		{FE1B5768-EFA3-43C8-8A17-851097DB8B54} = {B8954E22-099E-4658-80B7-19BD71022FDD}
		{5D520F17-88C2-468A-A433-96E90030BE93} = {B8954E22-099E-4658-80B7-19BD71022FDD}
	EndGlobalSection
	GlobalSection(ExtensibilityGlobals) = postSolution
		SolutionGuid = {95AE0F39-677C-422C-811E-3780B86B62BB}
	EndGlobalSection
EndGlobal
